
Microsoft Visual Studio Solution File, Format Version 12.00
# Visual Studio Version 16
VisualStudioVersion = 16.0.30309.148
MinimumVisualStudioVersion = 10.0.40219.1
Project("{FAE04EC0-301F-11D3-BF4B-00C04F79EFBC}") = "Server", "Server\Server.csproj", "{AC45F16A-9DE1-4537-A884-EC5FB9FDD730}"
EndProject
Global
	GlobalSection(SolutionConfigurationPlatforms) = preSolution
		Debug|Any CPU = Debug|Any CPU
		Release|Any CPU = Release|Any CPU
	EndGlobalSection
	GlobalSection(ProjectConfigurationPlatforms) = postSolution
		{AC45F16A-9DE1-4537-A884-EC5FB9FDD730}.Debug|Any CPU.ActiveCfg = Debug|Any CPU
		{AC45F16A-9DE1-4537-A884-EC5FB9FDD730}.Debug|Any CPU.Build.0 = Debug|Any CPU
		{AC45F16A-9DE1-4537-A884-EC5FB9FDD730}.Release|Any CPU.ActiveCfg = Release|Any CPU
		{AC45F16A-9DE1-4537-A884-EC5FB9FDD730}.Release|Any CPU.Build.0 = Release|Any CPU
	EndGlobalSection
	GlobalSection(SolutionProperties) = preSolution
		HideSolutionNode = FALSE
	EndGlobalSection
	GlobalSection(ExtensibilityGlobals) = postSolution
		SolutionGuid = {74971052-4A76-45FE-80F6-C17BE5AE9928}
	EndGlobalSection
EndGlobal
